
Microsoft Visual Studio Solution File, Format Version 12.00
# Visual Studio Version 16
VisualStudioVersion = 16.0.31515.178
MinimumVisualStudioVersion = 10.0.40219.1
Project("{FAE04EC0-301F-11D3-BF4B-00C04F79EFBC}") = "SiparisOtomasyon", "SiparisOtomasyon\SiparisOtomasyon.csproj", "{183D7340-7B2B-4334-B1DC-DC61EC7D24F7}"
EndProject
Global
	GlobalSection(SolutionConfigurationPlatforms) = preSolution
		Debug|Any CPU = Debug|Any CPU
		Release|Any CPU = Release|Any CPU
	EndGlobalSection
	GlobalSection(ProjectConfigurationPlatforms) = postSolution
		{183D7340-7B2B-4334-B1DC-DC61EC7D24F7}.Debug|Any CPU.ActiveCfg = Debug|Any CPU
		{183D7340-7B2B-4334-B1DC-DC61EC7D24F7}.Debug|Any CPU.Build.0 = Debug|Any CPU
		{183D7340-7B2B-4334-B1DC-DC61EC7D24F7}.Release|Any CPU.ActiveCfg = Release|Any CPU
		{183D7340-7B2B-4334-B1DC-DC61EC7D24F7}.Release|Any CPU.Build.0 = Release|Any CPU
	EndGlobalSection
	GlobalSection(SolutionProperties) = preSolution
		HideSolutionNode = FALSE
	EndGlobalSection
	GlobalSection(ExtensibilityGlobals) = postSolution
		SolutionGuid = {08FCE7E4-3105-47D8-92FB-156529F3B86D}
	EndGlobalSection
EndGlobal
